{
  "version": 4,
  "terraform_version": "1.2.7",
  "serial": 7,
  "lineage": "0e45ced5-a6b9-b9c9-5fa3-3b7c0bf97a57",
  "outputs": {},
  "resources": [
    {
      "mode": "data",
      "type": "yandex_compute_image",
      "name": "linux_image",
      "provider": "provider[\"registry.terraform.io/yandex-cloud/yandex\"]",
      "instances": [
        {
          "schema_version": 0,
          "attributes": {
            "created_at": "2022-08-15T10:45:07Z",
            "description": "debian 11",
            "family": "debian-11",
            "folder_id": "standard-images",
            "id": "fd8987mnac4uroc0d16s",
            "image_id": "fd8987mnac4uroc0d16s",
            "labels": {},
            "min_disk_size": 3,
            "name": "debian-11-v20220815",
            "os_type": "linux",
            "pooled": true,
            "product_ids": [
              "f2ebpvpdvp8uf0ee30t1"
            ],
            "size": 1,
            "status": "ready"
          },
          "sensitive_attributes": []
        }
      ]
    },
    {
      "mode": "managed",
      "type": "yandex_compute_instance",
      "name": "test_01",
      "provider": "provider[\"registry.terraform.io/yandex-cloud/yandex\"]",
      "instances": [
        {
          "index_key": 0,
          "schema_version": 1,
          "attributes": {
            "allow_recreate": null,
            "allow_stopping_for_update": true,
            "boot_disk": [
              {
                "auto_delete": true,
                "device_name": "fhmt07mr4dorg72v0919",
                "disk_id": "fhmt07mr4dorg72v0919",
                "initialize_params": [
                  {
                    "block_size": 4096,
                    "description": "",
                    "image_id": "fd8987mnac4uroc0d16s",
                    "name": "",
                    "size": 3,
                    "snapshot_id": "",
                    "type": "network-hdd"
                  }
                ],
                "mode": "READ_WRITE"
              }
            ],
            "created_at": "2022-08-20T15:57:04Z",
            "description": "",
            "folder_id": "b1gmjbll9tsenitvtbv4",
            "fqdn": "fhm9gvo0mpimln35c76n.auto.internal",
            "hostname": "",
            "id": "fhm9gvo0mpimln35c76n",
            "labels": null,
            "local_disk": [],
            "metadata": {
              "user-data": "#cloud-config\r\nusers:\r\n  - name: test\r\n    groups: sudo\r\n    shell: /bin/bash\r\n    sudo: ['ALL=(ALL) NOPASSWD:ALL']\r\n    ssh-authorized-keys:\r\n      - ssh-rsa AAAAB3NzaC1yc2EAAAADAQABAAABgQDG8AUHzR0fA44zqMQbLsVGI2rxSLH8aJDJrrDeZ/zo+gv0QJVNiq3+UPK5+zo0T93NTa6DvGy0NnY6sqtffa5doGBjZ7L6KHRX+7td4tVDzeoNzUZvQ/5fNwEXae95rY/Sx/tWdaUCGb8BkHrnV+V8l79dRbNtTLPS3A/HCyFWmKCzJPguTaPXMGULDsHNOkLMFc69bcVWqAU+Z/WTMdPg45ZnCLT4ScuFT5o7gzqHlTWS47ztMhM8mim/lGxwAmSfxswZ3IS1tfrR2bYVisZg3DYpz95P171gkSr4NPzJzOLuK8SBj4ViUNWtz6Zl2eBhgZ8Q+VcFyL6Lc3CcrEQTzTDZqNGLmx5IDZJ+9VNZsDVnOrN0awL8ZWarR52vrLn33G/VUY8U6frmv23QuLdV6AW1iSIOI+P7Rd+PyfztM0Z8v8n1mKBJEm7H2GlFk9UvbAmRIv8x7zYBELkva+Tvc0nZKY4Soz9NXP45yAYR3/ip3e840qcxfAakoVG9i9c="
            },
            "name": "",
            "network_acceleration_type": "standard",
            "network_interface": [
              {
                "dns_record": [],
                "index": 0,
                "ip_address": "10.10.10.23",
                "ipv4": true,
                "ipv6": false,
                "ipv6_address": "",
                "ipv6_dns_record": [],
                "mac_address": "d0:0d:98:7f:00:b6",
                "nat": true,
                "nat_dns_record": [],
                "nat_ip_address": "62.84.125.15",
                "nat_ip_version": "IPV4",
                "security_group_ids": [],
                "subnet_id": "e9bdg9trfl2s06aak42k"
              }
            ],
            "placement_policy": [
              {
                "host_affinity_rules": [],
                "placement_group_id": ""
              }
            ],
            "platform_id": "standard-v1",
            "resources": [
              {
                "core_fraction": 100,
                "cores": 2,
                "gpus": 0,
                "memory": 2
              }
            ],
            "scheduling_policy": [
              {
                "preemptible": false
              }
            ],
            "secondary_disk": [],
            "service_account_id": "",
            "status": "running",
            "timeouts": null,
            "zone": "ru-central1-a"
          },
          "sensitive_attributes": [],
          "private": "eyJlMmJmYjczMC1lY2FhLTExZTYtOGY4OC0zNDM2M2JjN2M0YzAiOnsiY3JlYXRlIjozMDAwMDAwMDAwMDAsImRlbGV0ZSI6MzAwMDAwMDAwMDAwLCJ1cGRhdGUiOjMwMDAwMDAwMDAwMH0sInNjaGVtYV92ZXJzaW9uIjoiMSJ9",
          "dependencies": [
            "data.yandex_compute_image.linux_image",
            "yandex_vpc_network.network_terraform",
            "yandex_vpc_subnet.subnet_terraform"
          ],
          "create_before_destroy": true
        },
        {
          "index_key": 1,
          "schema_version": 1,
          "attributes": {
            "allow_recreate": null,
            "allow_stopping_for_update": true,
            "boot_disk": [
              {
                "auto_delete": true,
                "device_name": "fhmhikb1gd11kigh6dnq",
                "disk_id": "fhmhikb1gd11kigh6dnq",
                "initialize_params": [
                  {
                    "block_size": 4096,
                    "description": "",
                    "image_id": "fd8987mnac4uroc0d16s",
                    "name": "",
                    "size": 3,
                    "snapshot_id": "",
                    "type": "network-hdd"
                  }
                ],
                "mode": "READ_WRITE"
              }
            ],
            "created_at": "2022-08-20T15:57:04Z",
            "description": "",
            "folder_id": "b1gmjbll9tsenitvtbv4",
            "fqdn": "fhm1r6ll0vsu20aqg2r9.auto.internal",
            "hostname": "",
            "id": "fhm1r6ll0vsu20aqg2r9",
            "labels": null,
            "local_disk": [],
            "metadata": {
              "user-data": "#cloud-config\r\nusers:\r\n  - name: test\r\n    groups: sudo\r\n    shell: /bin/bash\r\n    sudo: ['ALL=(ALL) NOPASSWD:ALL']\r\n    ssh-authorized-keys:\r\n      - ssh-rsa AAAAB3NzaC1yc2EAAAADAQABAAABgQDG8AUHzR0fA44zqMQbLsVGI2rxSLH8aJDJrrDeZ/zo+gv0QJVNiq3+UPK5+zo0T93NTa6DvGy0NnY6sqtffa5doGBjZ7L6KHRX+7td4tVDzeoNzUZvQ/5fNwEXae95rY/Sx/tWdaUCGb8BkHrnV+V8l79dRbNtTLPS3A/HCyFWmKCzJPguTaPXMGULDsHNOkLMFc69bcVWqAU+Z/WTMdPg45ZnCLT4ScuFT5o7gzqHlTWS47ztMhM8mim/lGxwAmSfxswZ3IS1tfrR2bYVisZg3DYpz95P171gkSr4NPzJzOLuK8SBj4ViUNWtz6Zl2eBhgZ8Q+VcFyL6Lc3CcrEQTzTDZqNGLmx5IDZJ+9VNZsDVnOrN0awL8ZWarR52vrLn33G/VUY8U6frmv23QuLdV6AW1iSIOI+P7Rd+PyfztM0Z8v8n1mKBJEm7H2GlFk9UvbAmRIv8x7zYBELkva+Tvc0nZKY4Soz9NXP45yAYR3/ip3e840qcxfAakoVG9i9c="
            },
            "name": "",
            "network_acceleration_type": "standard",
            "network_interface": [
              {
                "dns_record": [],
                "index": 0,
                "ip_address": "10.10.10.3",
                "ipv4": true,
                "ipv6": false,
                "ipv6_address": "",
                "ipv6_dns_record": [],
                "mac_address": "d0:0d:1d:9a:b5:07",
                "nat": true,
                "nat_dns_record": [],
                "nat_ip_address": "62.84.125.6",
                "nat_ip_version": "IPV4",
                "security_group_ids": [],
                "subnet_id": "e9bdg9trfl2s06aak42k"
              }
            ],
            "placement_policy": [
              {
                "host_affinity_rules": [],
                "placement_group_id": ""
              }
            ],
            "platform_id": "standard-v1",
            "resources": [
              {
                "core_fraction": 100,
                "cores": 2,
                "gpus": 0,
                "memory": 2
              }
            ],
            "scheduling_policy": [
              {
                "preemptible": false
              }
            ],
            "secondary_disk": [],
            "service_account_id": "",
            "status": "running",
            "timeouts": null,
            "zone": "ru-central1-a"
          },
          "sensitive_attributes": [],
          "private": "eyJlMmJmYjczMC1lY2FhLTExZTYtOGY4OC0zNDM2M2JjN2M0YzAiOnsiY3JlYXRlIjozMDAwMDAwMDAwMDAsImRlbGV0ZSI6MzAwMDAwMDAwMDAwLCJ1cGRhdGUiOjMwMDAwMDAwMDAwMH0sInNjaGVtYV92ZXJzaW9uIjoiMSJ9",
          "dependencies": [
            "data.yandex_compute_image.linux_image",
            "yandex_vpc_network.network_terraform",
            "yandex_vpc_subnet.subnet_terraform"
          ],
          "create_before_destroy": true
        }
      ]
    },
    {
      "mode": "managed",
      "type": "yandex_compute_instance",
      "name": "test_02",
      "provider": "provider[\"registry.terraform.io/yandex-cloud/yandex\"]",
      "instances": [
        {
          "index_key": "each_01",
          "schema_version": 1,
          "attributes": {
            "allow_recreate": null,
            "allow_stopping_for_update": true,
            "boot_disk": [
              {
                "auto_delete": true,
                "device_name": "fhmbeo7q9u3vg2chn2vs",
                "disk_id": "fhmbeo7q9u3vg2chn2vs",
                "initialize_params": [
                  {
                    "block_size": 4096,
                    "description": "",
                    "image_id": "fd8987mnac4uroc0d16s",
                    "name": "",
                    "size": 3,
                    "snapshot_id": "",
                    "type": "network-hdd"
                  }
                ],
                "mode": "READ_WRITE"
              }
            ],
            "created_at": "2022-08-20T15:57:04Z",
            "description": "",
            "folder_id": "b1gmjbll9tsenitvtbv4",
            "fqdn": "fhm023eoa9vads2mtvut.auto.internal",
            "hostname": "",
            "id": "fhm023eoa9vads2mtvut",
            "labels": null,
            "local_disk": [],
            "metadata": {
              "user-data": "#cloud-config\r\nusers:\r\n  - name: test\r\n    groups: sudo\r\n    shell: /bin/bash\r\n    sudo: ['ALL=(ALL) NOPASSWD:ALL']\r\n    ssh-authorized-keys:\r\n      - ssh-rsa AAAAB3NzaC1yc2EAAAADAQABAAABgQDG8AUHzR0fA44zqMQbLsVGI2rxSLH8aJDJrrDeZ/zo+gv0QJVNiq3+UPK5+zo0T93NTa6DvGy0NnY6sqtffa5doGBjZ7L6KHRX+7td4tVDzeoNzUZvQ/5fNwEXae95rY/Sx/tWdaUCGb8BkHrnV+V8l79dRbNtTLPS3A/HCyFWmKCzJPguTaPXMGULDsHNOkLMFc69bcVWqAU+Z/WTMdPg45ZnCLT4ScuFT5o7gzqHlTWS47ztMhM8mim/lGxwAmSfxswZ3IS1tfrR2bYVisZg3DYpz95P171gkSr4NPzJzOLuK8SBj4ViUNWtz6Zl2eBhgZ8Q+VcFyL6Lc3CcrEQTzTDZqNGLmx5IDZJ+9VNZsDVnOrN0awL8ZWarR52vrLn33G/VUY8U6frmv23QuLdV6AW1iSIOI+P7Rd+PyfztM0Z8v8n1mKBJEm7H2GlFk9UvbAmRIv8x7zYBELkva+Tvc0nZKY4Soz9NXP45yAYR3/ip3e840qcxfAakoVG9i9c="
            },
            "name": "",
            "network_acceleration_type": "standard",
            "network_interface": [
              {
                "dns_record": [],
                "index": 0,
                "ip_address": "10.10.10.15",
                "ipv4": true,
                "ipv6": false,
                "ipv6_address": "",
                "ipv6_dns_record": [],
                "mac_address": "d0:0d:10:dd:85:27",
                "nat": true,
                "nat_dns_record": [],
                "nat_ip_address": "51.250.74.53",
                "nat_ip_version": "IPV4",
                "security_group_ids": [],
                "subnet_id": "e9bdg9trfl2s06aak42k"
              }
            ],
            "placement_policy": [
              {
                "host_affinity_rules": [],
                "placement_group_id": ""
              }
            ],
            "platform_id": "standard-v1",
            "resources": [
              {
                "core_fraction": 100,
                "cores": 2,
                "gpus": 0,
                "memory": 2
              }
            ],
            "scheduling_policy": [
              {
                "preemptible": false
              }
            ],
            "secondary_disk": [],
            "service_account_id": "",
            "status": "running",
            "timeouts": null,
            "zone": "ru-central1-a"
          },
          "sensitive_attributes": [],
          "private": "eyJlMmJmYjczMC1lY2FhLTExZTYtOGY4OC0zNDM2M2JjN2M0YzAiOnsiY3JlYXRlIjozMDAwMDAwMDAwMDAsImRlbGV0ZSI6MzAwMDAwMDAwMDAwLCJ1cGRhdGUiOjMwMDAwMDAwMDAwMH0sInNjaGVtYV92ZXJzaW9uIjoiMSJ9",
          "dependencies": [
            "data.yandex_compute_image.linux_image",
            "yandex_vpc_network.network_terraform",
            "yandex_vpc_subnet.subnet_terraform"
          ],
          "create_before_destroy": true
        },
        {
          "index_key": "each_02",
          "schema_version": 1,
          "attributes": {
            "allow_recreate": null,
            "allow_stopping_for_update": true,
            "boot_disk": [
              {
                "auto_delete": true,
                "device_name": "fhmj6uvbth9p3afhvhtj",
                "disk_id": "fhmj6uvbth9p3afhvhtj",
                "initialize_params": [
                  {
                    "block_size": 4096,
                    "description": "",
                    "image_id": "fd8987mnac4uroc0d16s",
                    "name": "",
                    "size": 3,
                    "snapshot_id": "",
                    "type": "network-hdd"
                  }
                ],
                "mode": "READ_WRITE"
              }
            ],
            "created_at": "2022-08-20T15:57:04Z",
            "description": "",
            "folder_id": "b1gmjbll9tsenitvtbv4",
            "fqdn": "fhmjancvkpdoiblc1at7.auto.internal",
            "hostname": "",
            "id": "fhmjancvkpdoiblc1at7",
            "labels": null,
            "local_disk": [],
            "metadata": {
              "user-data": "#cloud-config\r\nusers:\r\n  - name: test\r\n    groups: sudo\r\n    shell: /bin/bash\r\n    sudo: ['ALL=(ALL) NOPASSWD:ALL']\r\n    ssh-authorized-keys:\r\n      - ssh-rsa AAAAB3NzaC1yc2EAAAADAQABAAABgQDG8AUHzR0fA44zqMQbLsVGI2rxSLH8aJDJrrDeZ/zo+gv0QJVNiq3+UPK5+zo0T93NTa6DvGy0NnY6sqtffa5doGBjZ7L6KHRX+7td4tVDzeoNzUZvQ/5fNwEXae95rY/Sx/tWdaUCGb8BkHrnV+V8l79dRbNtTLPS3A/HCyFWmKCzJPguTaPXMGULDsHNOkLMFc69bcVWqAU+Z/WTMdPg45ZnCLT4ScuFT5o7gzqHlTWS47ztMhM8mim/lGxwAmSfxswZ3IS1tfrR2bYVisZg3DYpz95P171gkSr4NPzJzOLuK8SBj4ViUNWtz6Zl2eBhgZ8Q+VcFyL6Lc3CcrEQTzTDZqNGLmx5IDZJ+9VNZsDVnOrN0awL8ZWarR52vrLn33G/VUY8U6frmv23QuLdV6AW1iSIOI+P7Rd+PyfztM0Z8v8n1mKBJEm7H2GlFk9UvbAmRIv8x7zYBELkva+Tvc0nZKY4Soz9NXP45yAYR3/ip3e840qcxfAakoVG9i9c="
            },
            "name": "",
            "network_acceleration_type": "standard",
            "network_interface": [
              {
                "dns_record": [],
                "index": 0,
                "ip_address": "10.10.10.22",
                "ipv4": true,
                "ipv6": false,
                "ipv6_address": "",
                "ipv6_dns_record": [],
                "mac_address": "d0:0d:13:55:d9:fa",
                "nat": true,
                "nat_dns_record": [],
                "nat_ip_address": "62.84.126.177",
                "nat_ip_version": "IPV4",
                "security_group_ids": [],
                "subnet_id": "e9bdg9trfl2s06aak42k"
              }
            ],
            "placement_policy": [
              {
                "host_affinity_rules": [],
                "placement_group_id": ""
              }
            ],
            "platform_id": "standard-v1",
            "resources": [
              {
                "core_fraction": 100,
                "cores": 2,
                "gpus": 0,
                "memory": 2
              }
            ],
            "scheduling_policy": [
              {
                "preemptible": false
              }
            ],
            "secondary_disk": [],
            "service_account_id": "",
            "status": "running",
            "timeouts": null,
            "zone": "ru-central1-a"
          },
          "sensitive_attributes": [],
          "private": "eyJlMmJmYjczMC1lY2FhLTExZTYtOGY4OC0zNDM2M2JjN2M0YzAiOnsiY3JlYXRlIjozMDAwMDAwMDAwMDAsImRlbGV0ZSI6MzAwMDAwMDAwMDAwLCJ1cGRhdGUiOjMwMDAwMDAwMDAwMH0sInNjaGVtYV92ZXJzaW9uIjoiMSJ9",
          "dependencies": [
            "data.yandex_compute_image.linux_image",
            "yandex_vpc_network.network_terraform",
            "yandex_vpc_subnet.subnet_terraform"
          ],
          "create_before_destroy": true
        }
      ]
    },
    {
      "mode": "managed",
      "type": "yandex_vpc_network",
      "name": "network_terraform",
      "provider": "provider[\"registry.terraform.io/yandex-cloud/yandex\"]",
      "instances": [
        {
          "schema_version": 0,
          "attributes": {
            "created_at": "2022-08-20T15:57:02Z",
            "default_security_group_id": "",
            "description": "",
            "folder_id": "b1gmjbll9tsenitvtbv4",
            "id": "enpvv9upn6ocplmvhoft",
            "labels": {},
            "name": "net",
            "subnet_ids": [],
            "timeouts": null
          },
          "sensitive_attributes": [],
          "private": "eyJlMmJmYjczMC1lY2FhLTExZTYtOGY4OC0zNDM2M2JjN2M0YzAiOnsiY3JlYXRlIjo2MDAwMDAwMDAwMCwiZGVsZXRlIjo2MDAwMDAwMDAwMCwidXBkYXRlIjo2MDAwMDAwMDAwMH19",
          "create_before_destroy": true
        }
      ]
    },
    {
      "mode": "managed",
      "type": "yandex_vpc_subnet",
      "name": "subnet_terraform",
      "provider": "provider[\"registry.terraform.io/yandex-cloud/yandex\"]",
      "instances": [
        {
          "schema_version": 0,
          "attributes": {
            "created_at": "2022-08-20T15:57:03Z",
            "description": "",
            "dhcp_options": [],
            "folder_id": "b1gmjbll9tsenitvtbv4",
            "id": "e9bdg9trfl2s06aak42k",
            "labels": {},
            "name": "subnet",
            "network_id": "enpvv9upn6ocplmvhoft",
            "route_table_id": "",
            "timeouts": null,
            "v4_cidr_blocks": [
              "10.10.10.0/24"
            ],
            "v6_cidr_blocks": [],
            "zone": "ru-central1-a"
          },
          "sensitive_attributes": [],
          "private": "eyJlMmJmYjczMC1lY2FhLTExZTYtOGY4OC0zNDM2M2JjN2M0YzAiOnsiY3JlYXRlIjoxODAwMDAwMDAwMDAsImRlbGV0ZSI6MTgwMDAwMDAwMDAwLCJ1cGRhdGUiOjE4MDAwMDAwMDAwMH19",
          "dependencies": [
            "yandex_vpc_network.network_terraform"
          ],
          "create_before_destroy": true
        }
      ]
    }
  ]
}
